{
  "name": "mvc",
  "version": "1.0.0",
  "lockfileVersion": 1,
  "requires": true,
  "dependencies": {
    "a.js": {
      "version": "0.0.1",
      "resolved": "https://registry.npmjs.org/a.js/-/a.js-0.0.1.tgz",
      "integrity": "sha1-t1jqMK8DCwjTjc1vBfPS9m5gS40="
    },
    "global.css": {
      "version": "1.1.0",
      "resolved": "https://registry.npmjs.org/global.css/-/global.css-1.1.0.tgz",
      "integrity": "sha512-bIP4n49d/Zz1czFDnCXdLwLsKO+G5jUhrlx5NGkrdpa9ugFn6ho4nqXRDWfkOeXDx8y+C/NfmBDCfvFxjQcY8A=="
    },
    "jquery": {
      "version": "3.5.1",
      "resolved": "https://registry.npmjs.org/jquery/-/jquery-3.5.1.tgz",
      "integrity": "sha512-XwIBPqcMn57FxfT+Go5pzySnm4KWkT1Tv7gjrpT1srtf8Weynl6R273VJ5GjkRb51IzMp5nbaPjJXMWeju2MKg=="
    }
  }
}
